
Microsoft Visual Studio Solution File, Format Version 12.00
# Visual Studio 2013
VisualStudioVersion = 12.0.30723.0
MinimumVisualStudioVersion = 10.0.40219.1
Project("{8BC9CEB8-8B4A-11D0-8D11-00A0C91BC942}") = "amot", "amot\amot.vcxproj", "{5B85EB6B-E086-4155-8A93-C215A155B92F}"
EndProject
Project("{8BC9CEB8-8B4A-11D0-8D11-00A0C91BC942}") = "test", "test\test.vcxproj", "{771B73D3-ED87-4288-B2A4-C33721E80C55}"
	ProjectSection(ProjectDependencies) = postProject
		{5B85EB6B-E086-4155-8A93-C215A155B92F} = {5B85EB6B-E086-4155-8A93-C215A155B92F}
	EndProjectSection
EndProject
Global
	GlobalSection(SolutionConfigurationPlatforms) = preSolution
		Debug|Win32 = Debug|Win32
		Release|Win32 = Release|Win32
	EndGlobalSection
	GlobalSection(ProjectConfigurationPlatforms) = postSolution
		{5B85EB6B-E086-4155-8A93-C215A155B92F}.Debug|Win32.ActiveCfg = Debug|Win32
		{5B85EB6B-E086-4155-8A93-C215A155B92F}.Debug|Win32.Build.0 = Debug|Win32
		{5B85EB6B-E086-4155-8A93-C215A155B92F}.Release|Win32.ActiveCfg = Release|Win32
		{5B85EB6B-E086-4155-8A93-C215A155B92F}.Release|Win32.Build.0 = Release|Win32
		{771B73D3-ED87-4288-B2A4-C33721E80C55}.Debug|Win32.ActiveCfg = Debug|Win32
		{771B73D3-ED87-4288-B2A4-C33721E80C55}.Debug|Win32.Build.0 = Debug|Win32
		{771B73D3-ED87-4288-B2A4-C33721E80C55}.Release|Win32.ActiveCfg = Release|Win32
		{771B73D3-ED87-4288-B2A4-C33721E80C55}.Release|Win32.Build.0 = Release|Win32
	EndGlobalSection
	GlobalSection(SolutionProperties) = preSolution
		HideSolutionNode = FALSE
	EndGlobalSection
EndGlobal
