
Microsoft Visual Studio Solution File, Format Version 12.00
# Visual Studio 2012
Project("{8BC9CEB8-8B4A-11D0-8D11-00A0C91BC942}") = "MemoryPool", "MemoryPool\MemoryPool.vcxproj", "{5C9C519E-1481-4BEA-8A8D-D34A3C12FF68}"
EndProject
Project("{8BC9CEB8-8B4A-11D0-8D11-00A0C91BC942}") = "Test", "Test\Test.vcxproj", "{4B8D232E-A307-4627-AB11-F8FF6F453B2F}"
	ProjectSection(ProjectDependencies) = postProject
		{5C9C519E-1481-4BEA-8A8D-D34A3C12FF68} = {5C9C519E-1481-4BEA-8A8D-D34A3C12FF68}
	EndProjectSection
EndProject
Global
	GlobalSection(SolutionConfigurationPlatforms) = preSolution
		Debug|Win32 = Debug|Win32
		Release|Win32 = Release|Win32
	EndGlobalSection
	GlobalSection(ProjectConfigurationPlatforms) = postSolution
		{5C9C519E-1481-4BEA-8A8D-D34A3C12FF68}.Debug|Win32.ActiveCfg = Debug|Win32
		{5C9C519E-1481-4BEA-8A8D-D34A3C12FF68}.Debug|Win32.Build.0 = Debug|Win32
		{5C9C519E-1481-4BEA-8A8D-D34A3C12FF68}.Release|Win32.ActiveCfg = Release|Win32
		{5C9C519E-1481-4BEA-8A8D-D34A3C12FF68}.Release|Win32.Build.0 = Release|Win32
		{4B8D232E-A307-4627-AB11-F8FF6F453B2F}.Debug|Win32.ActiveCfg = Debug|Win32
		{4B8D232E-A307-4627-AB11-F8FF6F453B2F}.Debug|Win32.Build.0 = Debug|Win32
		{4B8D232E-A307-4627-AB11-F8FF6F453B2F}.Release|Win32.ActiveCfg = Release|Win32
		{4B8D232E-A307-4627-AB11-F8FF6F453B2F}.Release|Win32.Build.0 = Release|Win32
	EndGlobalSection
	GlobalSection(SolutionProperties) = preSolution
		HideSolutionNode = FALSE
	EndGlobalSection
EndGlobal
