<?xml version="1.0" encoding="utf-8"?>
<Project ToolsVersion="4.0" xmlns="http://schemas.microsoft.com/developer/msbuild/2003">
  <ItemGroup>
    <Filter Include=".resource">
      <UniqueIdentifier>{67DA6AB6-F800-4c08-8B7A-83BB121AAD01}</UniqueIdentifier>
      <Extensions>rc;ico;cur;bmp;dlg;rc2;rct;bin;rgs;gif;jpg;jpeg;jpe;resx;tiff;tif;png;wav;mfcribbon-ms</Extensions>
    </Filter>
    <Filter Include="core">
      <UniqueIdentifier>{21360588-ae05-4847-9269-28c6a97bc5f9}</UniqueIdentifier>
    </Filter>
    <Filter Include="core\header">
      <UniqueIdentifier>{93995380-89BD-4b04-88EB-625FBE52EBFB}</UniqueIdentifier>
      <Extensions>h;hpp;hxx;hm;inl;inc;xsd</Extensions>
    </Filter>
    <Filter Include="core\source">
      <UniqueIdentifier>{4FC737F1-C7A5-4376-A066-2A32D752A2FF}</UniqueIdentifier>
      <Extensions>cpp;c;cc;cxx;def;odl;idl;hpj;bat;asm;asmx</Extensions>
    </Filter>
    <Filter Include="block">
      <UniqueIdentifier>{aedeb16a-2209-4ef2-8366-d35dc79f54e9}</UniqueIdentifier>
    </Filter>
    <Filter Include="block\GP">
      <UniqueIdentifier>{70defdbb-706f-444c-b7dc-9f955952d4c2}</UniqueIdentifier>
    </Filter>
    <Filter Include="block\GP\header">
      <UniqueIdentifier>{04507dcd-7fcd-4ec9-b302-89f78726c22b}</UniqueIdentifier>
    </Filter>
    <Filter Include="block\GP\source">
      <UniqueIdentifier>{62ec34dc-5763-480a-b993-2ffc791ecf7f}</UniqueIdentifier>
    </Filter>
    <Filter Include="block\FL">
      <UniqueIdentifier>{a4a8fdeb-d5f0-4fcb-b536-bc13eb470851}</UniqueIdentifier>
    </Filter>
  </ItemGroup>
  <ItemGroup>
    <ClInclude Include="amot_base.h">
      <Filter>core\header</Filter>
    </ClInclude>
    <ClInclude Include="amot_block.h">
      <Filter>core\header</Filter>
    </ClInclude>
    <ClInclude Include="amot_pool.h">
      <Filter>core\header</Filter>
    </ClInclude>
    <ClInclude Include="amot.h">
      <Filter>core\header</Filter>
    </ClInclude>
    <ClInclude Include="amot_setting.h">
      <Filter>core\header</Filter>
    </ClInclude>
    <ClInclude Include="resource.h">
      <Filter>.resource</Filter>
    </ClInclude>
    <ClInclude Include="amot_factory.h">
      <Filter>core\header</Filter>
    </ClInclude>
    <ClInclude Include="amot_block_gp.h">
      <Filter>block\GP\header</Filter>
    </ClInclude>
    <ClInclude Include="amot_block_fl.h">
      <Filter>block\FL</Filter>
    </ClInclude>
    <ClInclude Include="amot_record_gp.h">
      <Filter>block\GP\header</Filter>
    </ClInclude>
  </ItemGroup>
  <ItemGroup>
    <ClCompile Include="amot_base.cpp">
      <Filter>core\source</Filter>
    </ClCompile>
    <ClCompile Include="amot_block.cpp">
      <Filter>core\source</Filter>
    </ClCompile>
    <ClCompile Include="amot_pool.cpp">
      <Filter>core\source</Filter>
    </ClCompile>
    <ClCompile Include="dllmain.cpp">
      <Filter>core\source</Filter>
    </ClCompile>
    <ClCompile Include="amot_setting.cpp">
      <Filter>core\source</Filter>
    </ClCompile>
    <ClCompile Include="amot_factory.cpp">
      <Filter>core\source</Filter>
    </ClCompile>
    <ClCompile Include="amot_block_gp.cpp">
      <Filter>block\GP\source</Filter>
    </ClCompile>
    <ClCompile Include="amot_block_fl.cpp">
      <Filter>block\FL</Filter>
    </ClCompile>
    <ClCompile Include="amot_record_gp.cpp">
      <Filter>block\GP\source</Filter>
    </ClCompile>
  </ItemGroup>
  <ItemGroup>
    <ResourceCompile Include="amot.rc">
      <Filter>.resource</Filter>
    </ResourceCompile>
  </ItemGroup>
  <ItemGroup>
    <None Include="..\perf.psess" />
  </ItemGroup>
</Project>